
Microsoft Visual Studio Solution File, Format Version 12.00
# Visual Studio Version 16
VisualStudioVersion = 16.0.31424.327
MinimumVisualStudioVersion = 10.0.40219.1
Project("{9A19103F-16F7-4668-BE54-9A1E7A4F7556}") = "Hackuble.Core", "Hackuble.Core\Hackuble.Core.csproj", "{40B9CE8E-1138-4A4B-A339-6E9E3E12CB22}"
EndProject
Project("{9A19103F-16F7-4668-BE54-9A1E7A4F7556}") = "Hackuble.Examples", "Hackuble.Examples\Hackuble.Examples.csproj", "{304B2735-B52D-4CDD-B819-507DAD9D6068}"
EndProject
Project("{9A19103F-16F7-4668-BE54-9A1E7A4F7556}") = "Hackuble.Web", "Hackuble.Web\Hackuble.Web.csproj", "{FE249CFD-771B-47BE-A1BE-9DBBDC2F2ACC}"
EndProject
Project("{FAE04EC0-301F-11D3-BF4B-00C04F79EFBC}") = "Hackuble.Win", "Hackuble.Win\Hackuble.Win.csproj", "{97AAAFD8-6AAA-48E9-96A6-25BB465FFA63}"
EndProject
Project("{8BC9CEB8-8B4A-11D0-8D11-00A0C91BC942}") = "GuiBase", "GuiBase\GuiBase.vcxproj", "{3EF82AAD-3AD1-4A26-9CB3-82547262CBDB}"
EndProject
Project("{8BC9CEB8-8B4A-11D0-8D11-00A0C91BC942}") = "GUICLR", "GUICLR\GUICLR.vcxproj", "{3198326D-D273-4DB6-BE30-9FD209FE30A2}"
EndProject
Global
	GlobalSection(SolutionConfigurationPlatforms) = preSolution
		Debug|Any CPU = Debug|Any CPU
		Debug|x64 = Debug|x64
		Debug|x86 = Debug|x86
		Release|Any CPU = Release|Any CPU
		Release|x64 = Release|x64
		Release|x86 = Release|x86
	EndGlobalSection
	GlobalSection(ProjectConfigurationPlatforms) = postSolution
		{40B9CE8E-1138-4A4B-A339-6E9E3E12CB22}.Debug|Any CPU.ActiveCfg = Debug|Any CPU
		{40B9CE8E-1138-4A4B-A339-6E9E3E12CB22}.Debug|Any CPU.Build.0 = Debug|Any CPU
		{40B9CE8E-1138-4A4B-A339-6E9E3E12CB22}.Debug|x64.ActiveCfg = Debug|Any CPU
		{40B9CE8E-1138-4A4B-A339-6E9E3E12CB22}.Debug|x64.Build.0 = Debug|Any CPU
		{40B9CE8E-1138-4A4B-A339-6E9E3E12CB22}.Debug|x86.ActiveCfg = Debug|Any CPU
		{40B9CE8E-1138-4A4B-A339-6E9E3E12CB22}.Debug|x86.Build.0 = Debug|Any CPU
		{40B9CE8E-1138-4A4B-A339-6E9E3E12CB22}.Release|Any CPU.ActiveCfg = Release|Any CPU
		{40B9CE8E-1138-4A4B-A339-6E9E3E12CB22}.Release|Any CPU.Build.0 = Release|Any CPU
		{40B9CE8E-1138-4A4B-A339-6E9E3E12CB22}.Release|x64.ActiveCfg = Release|Any CPU
		{40B9CE8E-1138-4A4B-A339-6E9E3E12CB22}.Release|x64.Build.0 = Release|Any CPU
		{40B9CE8E-1138-4A4B-A339-6E9E3E12CB22}.Release|x86.ActiveCfg = Release|Any CPU
		{40B9CE8E-1138-4A4B-A339-6E9E3E12CB22}.Release|x86.Build.0 = Release|Any CPU
		{304B2735-B52D-4CDD-B819-507DAD9D6068}.Debug|Any CPU.ActiveCfg = Debug|Any CPU
		{304B2735-B52D-4CDD-B819-507DAD9D6068}.Debug|Any CPU.Build.0 = Debug|Any CPU
		{304B2735-B52D-4CDD-B819-507DAD9D6068}.Debug|x64.ActiveCfg = Debug|Any CPU
		{304B2735-B52D-4CDD-B819-507DAD9D6068}.Debug|x64.Build.0 = Debug|Any CPU
		{304B2735-B52D-4CDD-B819-507DAD9D6068}.Debug|x86.ActiveCfg = Debug|Any CPU
		{304B2735-B52D-4CDD-B819-507DAD9D6068}.Debug|x86.Build.0 = Debug|Any CPU
		{304B2735-B52D-4CDD-B819-507DAD9D6068}.Release|Any CPU.ActiveCfg = Release|Any CPU
		{304B2735-B52D-4CDD-B819-507DAD9D6068}.Release|Any CPU.Build.0 = Release|Any CPU
		{304B2735-B52D-4CDD-B819-507DAD9D6068}.Release|x64.ActiveCfg = Release|Any CPU
		{304B2735-B52D-4CDD-B819-507DAD9D6068}.Release|x64.Build.0 = Release|Any CPU
		{304B2735-B52D-4CDD-B819-507DAD9D6068}.Release|x86.ActiveCfg = Release|Any CPU
		{304B2735-B52D-4CDD-B819-507DAD9D6068}.Release|x86.Build.0 = Release|Any CPU
		{FE249CFD-771B-47BE-A1BE-9DBBDC2F2ACC}.Debug|Any CPU.ActiveCfg = Debug|Any CPU
		{FE249CFD-771B-47BE-A1BE-9DBBDC2F2ACC}.Debug|Any CPU.Build.0 = Debug|Any CPU
		{FE249CFD-771B-47BE-A1BE-9DBBDC2F2ACC}.Debug|x64.ActiveCfg = Debug|Any CPU
		{FE249CFD-771B-47BE-A1BE-9DBBDC2F2ACC}.Debug|x64.Build.0 = Debug|Any CPU
		{FE249CFD-771B-47BE-A1BE-9DBBDC2F2ACC}.Debug|x86.ActiveCfg = Debug|Any CPU
		{FE249CFD-771B-47BE-A1BE-9DBBDC2F2ACC}.Debug|x86.Build.0 = Debug|Any CPU
		{FE249CFD-771B-47BE-A1BE-9DBBDC2F2ACC}.Release|Any CPU.ActiveCfg = Release|Any CPU
		{FE249CFD-771B-47BE-A1BE-9DBBDC2F2ACC}.Release|Any CPU.Build.0 = Release|Any CPU
		{FE249CFD-771B-47BE-A1BE-9DBBDC2F2ACC}.Release|x64.ActiveCfg = Release|Any CPU
		{FE249CFD-771B-47BE-A1BE-9DBBDC2F2ACC}.Release|x64.Build.0 = Release|Any CPU
		{FE249CFD-771B-47BE-A1BE-9DBBDC2F2ACC}.Release|x86.ActiveCfg = Release|Any CPU
		{FE249CFD-771B-47BE-A1BE-9DBBDC2F2ACC}.Release|x86.Build.0 = Release|Any CPU
		{97AAAFD8-6AAA-48E9-96A6-25BB465FFA63}.Debug|Any CPU.ActiveCfg = Debug|Any CPU
		{97AAAFD8-6AAA-48E9-96A6-25BB465FFA63}.Debug|Any CPU.Build.0 = Debug|Any CPU
		{97AAAFD8-6AAA-48E9-96A6-25BB465FFA63}.Debug|x64.ActiveCfg = Debug|Any CPU
		{97AAAFD8-6AAA-48E9-96A6-25BB465FFA63}.Debug|x64.Build.0 = Debug|Any CPU
		{97AAAFD8-6AAA-48E9-96A6-25BB465FFA63}.Debug|x86.ActiveCfg = Debug|Any CPU
		{97AAAFD8-6AAA-48E9-96A6-25BB465FFA63}.Debug|x86.Build.0 = Debug|Any CPU
		{97AAAFD8-6AAA-48E9-96A6-25BB465FFA63}.Release|Any CPU.ActiveCfg = Release|Any CPU
		{97AAAFD8-6AAA-48E9-96A6-25BB465FFA63}.Release|Any CPU.Build.0 = Release|Any CPU
		{97AAAFD8-6AAA-48E9-96A6-25BB465FFA63}.Release|x64.ActiveCfg = Release|Any CPU
		{97AAAFD8-6AAA-48E9-96A6-25BB465FFA63}.Release|x64.Build.0 = Release|Any CPU
		{97AAAFD8-6AAA-48E9-96A6-25BB465FFA63}.Release|x86.ActiveCfg = Release|Any CPU
		{97AAAFD8-6AAA-48E9-96A6-25BB465FFA63}.Release|x86.Build.0 = Release|Any CPU
		{3EF82AAD-3AD1-4A26-9CB3-82547262CBDB}.Debug|Any CPU.ActiveCfg = Debug|Win32
		{3EF82AAD-3AD1-4A26-9CB3-82547262CBDB}.Debug|x64.ActiveCfg = Debug|x64
		{3EF82AAD-3AD1-4A26-9CB3-82547262CBDB}.Debug|x64.Build.0 = Debug|x64
		{3EF82AAD-3AD1-4A26-9CB3-82547262CBDB}.Debug|x86.ActiveCfg = Debug|Win32
		{3EF82AAD-3AD1-4A26-9CB3-82547262CBDB}.Debug|x86.Build.0 = Debug|Win32
		{3EF82AAD-3AD1-4A26-9CB3-82547262CBDB}.Release|Any CPU.ActiveCfg = Release|Win32
		{3EF82AAD-3AD1-4A26-9CB3-82547262CBDB}.Release|x64.ActiveCfg = Release|x64
		{3EF82AAD-3AD1-4A26-9CB3-82547262CBDB}.Release|x64.Build.0 = Release|x64
		{3EF82AAD-3AD1-4A26-9CB3-82547262CBDB}.Release|x86.ActiveCfg = Release|Win32
		{3EF82AAD-3AD1-4A26-9CB3-82547262CBDB}.Release|x86.Build.0 = Release|Win32
		{3198326D-D273-4DB6-BE30-9FD209FE30A2}.Debug|Any CPU.ActiveCfg = Debug|Win32
		{3198326D-D273-4DB6-BE30-9FD209FE30A2}.Debug|x64.ActiveCfg = Debug|x64
		{3198326D-D273-4DB6-BE30-9FD209FE30A2}.Debug|x64.Build.0 = Debug|x64
		{3198326D-D273-4DB6-BE30-9FD209FE30A2}.Debug|x86.ActiveCfg = Debug|Win32
		{3198326D-D273-4DB6-BE30-9FD209FE30A2}.Debug|x86.Build.0 = Debug|Win32
		{3198326D-D273-4DB6-BE30-9FD209FE30A2}.Release|Any CPU.ActiveCfg = Release|Win32
		{3198326D-D273-4DB6-BE30-9FD209FE30A2}.Release|x64.ActiveCfg = Release|x64
		{3198326D-D273-4DB6-BE30-9FD209FE30A2}.Release|x64.Build.0 = Release|x64
		{3198326D-D273-4DB6-BE30-9FD209FE30A2}.Release|x86.ActiveCfg = Release|Win32
		{3198326D-D273-4DB6-BE30-9FD209FE30A2}.Release|x86.Build.0 = Release|Win32
	EndGlobalSection
	GlobalSection(SolutionProperties) = preSolution
		HideSolutionNode = FALSE
	EndGlobalSection
	GlobalSection(ExtensibilityGlobals) = postSolution
		SolutionGuid = {86EDEF7C-4C2E-4106-93AC-1890C378076C}
	EndGlobalSection
EndGlobal
